{
  "version": 4,
  "terraform_version": "0.15.0",
  "serial": 64,
  "lineage": "2cc05298-8108-bfe5-2249-78a607bfc75c",
  "outputs": {},
  "resources": [
    {
      "module": "module.static_website",
      "mode": "data",
      "type": "aws_iam_policy_document",
      "name": "website_policy",
      "provider": "provider[\"registry.terraform.io/hashicorp/aws\"]",
      "instances": [
        {
          "schema_version": 0,
          "attributes": {
            "id": "2974834877",
            "json": "{\n  \"Version\": \"2012-10-17\",\n  \"Statement\": [\n    {\n      \"Sid\": \"\",\n      \"Effect\": \"Allow\",\n      \"Action\": \"s3:GetObject\",\n      \"Resource\": \"arn:aws:s3:::websitenamekkkkkk/*\",\n      \"Principal\": {\n        \"AWS\": \"*\"\n      }\n    }\n  ]\n}",
            "override_json": null,
            "override_policy_documents": null,
            "policy_id": null,
            "source_json": null,
            "source_policy_documents": null,
            "statement": [
              {
                "actions": [
                  "s3:GetObject"
                ],
                "condition": [],
                "effect": "Allow",
                "not_actions": [],
                "not_principals": [],
                "not_resources": [],
                "principals": [
                  {
                    "identifiers": [
                      "*"
                    ],
                    "type": "AWS"
                  }
                ],
                "resources": [
                  "arn:aws:s3:::websitenamekkkkkk/*"
                ],
                "sid": ""
              }
            ],
            "version": "2012-10-17"
          },
          "sensitive_attributes": []
        }
      ]
    },
    {
      "module": "module.static_website",
      "mode": "managed",
      "type": "aws_s3_bucket",
      "name": "site",
      "provider": "provider[\"registry.terraform.io/hashicorp/aws\"]",
      "instances": [
        {
          "schema_version": 0,
          "attributes": {
            "acceleration_status": "",
            "acl": "private",
            "arn": "arn:aws:s3:::websitenamekkkkkk",
            "bucket": "websitenamekkkkkk",
            "bucket_domain_name": "websitenamekkkkkk.s3.amazonaws.com",
            "bucket_prefix": null,
            "bucket_regional_domain_name": "websitenamekkkkkk.s3.ap-northeast-1.amazonaws.com",
            "cors_rule": [],
            "force_destroy": true,
            "grant": [],
            "hosted_zone_id": "Z2M4EHUR26P7ZW",
            "id": "websitenamekkkkkk",
            "lifecycle_rule": [],
            "logging": [],
            "object_lock_configuration": [],
            "object_lock_enabled": false,
            "policy": "",
            "region": "ap-northeast-1",
            "replication_configuration": [],
            "request_payer": "BucketOwner",
            "server_side_encryption_configuration": [],
            "tags": null,
            "tags_all": {},
            "versioning": [
              {
                "enabled": false,
                "mfa_delete": false
              }
            ],
            "website": [],
            "website_domain": null,
            "website_endpoint": null
          },
          "sensitive_attributes": [],
          "private": "bnVsbA=="
        }
      ]
    },
    {
      "module": "module.static_website",
      "mode": "managed",
      "type": "aws_s3_bucket",
      "name": "www",
      "provider": "provider[\"registry.terraform.io/hashicorp/aws\"]",
      "instances": [
        {
          "schema_version": 0,
          "attributes": {
            "acceleration_status": "",
            "acl": "private",
            "arn": "arn:aws:s3:::www.websitenamekkkkkk",
            "bucket": "www.websitenamekkkkkk",
            "bucket_domain_name": "www.websitenamekkkkkk.s3.amazonaws.com",
            "bucket_prefix": null,
            "bucket_regional_domain_name": "www.websitenamekkkkkk.s3.ap-northeast-1.amazonaws.com",
            "cors_rule": [],
            "force_destroy": false,
            "grant": [],
            "hosted_zone_id": "Z2M4EHUR26P7ZW",
            "id": "www.websitenamekkkkkk",
            "lifecycle_rule": [],
            "logging": [],
            "object_lock_configuration": [],
            "object_lock_enabled": false,
            "policy": "",
            "region": "ap-northeast-1",
            "replication_configuration": [],
            "request_payer": "BucketOwner",
            "server_side_encryption_configuration": [],
            "tags": null,
            "tags_all": {},
            "versioning": [
              {
                "enabled": false,
                "mfa_delete": false
              }
            ],
            "website": [],
            "website_domain": null,
            "website_endpoint": null
          },
          "sensitive_attributes": [],
          "private": "bnVsbA=="
        }
      ]
    },
    {
      "module": "module.static_website",
      "mode": "managed",
      "type": "aws_s3_bucket_acl",
      "name": "site",
      "provider": "provider[\"registry.terraform.io/hashicorp/aws\"]",
      "instances": [
        {
          "schema_version": 0,
          "attributes": {
            "access_control_policy": [
              {
                "grant": [
                  {
                    "grantee": [
                      {
                        "display_name": "",
                        "email_address": "",
                        "id": "",
                        "type": "Group",
                        "uri": "http://acs.amazonaws.com/groups/global/AllUsers"
                      }
                    ],
                    "permission": "READ"
                  },
                  {
                    "grantee": [
                      {
                        "display_name": "nellepalle.1997",
                        "email_address": "",
                        "id": "b4ce3cad9ff911c767cbb22b777d98bddcd5fd528cdfa3fb579c1a61f7e85c35",
                        "type": "CanonicalUser",
                        "uri": ""
                      }
                    ],
                    "permission": "FULL_CONTROL"
                  }
                ],
                "owner": [
                  {
                    "display_name": "nellepalle.1997",
                    "id": "b4ce3cad9ff911c767cbb22b777d98bddcd5fd528cdfa3fb579c1a61f7e85c35"
                  }
                ]
              }
            ],
            "acl": "public-read",
            "bucket": "websitenamekkkkkk",
            "expected_bucket_owner": "",
            "id": "websitenamekkkkkk,public-read"
          },
          "sensitive_attributes": [],
          "private": "bnVsbA==",
          "dependencies": [
            "module.static_website.aws_s3_bucket.site"
          ]
        }
      ]
    },
    {
      "module": "module.static_website",
      "mode": "managed",
      "type": "aws_s3_bucket_acl",
      "name": "www",
      "provider": "provider[\"registry.terraform.io/hashicorp/aws\"]",
      "instances": [
        {
          "schema_version": 0,
          "attributes": {
            "access_control_policy": [
              {
                "grant": [
                  {
                    "grantee": [
                      {
                        "display_name": "nellepalle.1997",
                        "email_address": "",
                        "id": "b4ce3cad9ff911c767cbb22b777d98bddcd5fd528cdfa3fb579c1a61f7e85c35",
                        "type": "CanonicalUser",
                        "uri": ""
                      }
                    ],
                    "permission": "FULL_CONTROL"
                  }
                ],
                "owner": [
                  {
                    "display_name": "nellepalle.1997",
                    "id": "b4ce3cad9ff911c767cbb22b777d98bddcd5fd528cdfa3fb579c1a61f7e85c35"
                  }
                ]
              }
            ],
            "acl": "private",
            "bucket": "www.websitenamekkkkkk",
            "expected_bucket_owner": "",
            "id": "www.websitenamekkkkkk,private"
          },
          "sensitive_attributes": [],
          "private": "bnVsbA==",
          "dependencies": [
            "module.static_website.aws_s3_bucket.www"
          ]
        }
      ]
    },
    {
      "module": "module.static_website",
      "mode": "managed",
      "type": "aws_s3_bucket_policy",
      "name": "site",
      "provider": "provider[\"registry.terraform.io/hashicorp/aws\"]",
      "instances": [
        {
          "schema_version": 0,
          "attributes": {
            "bucket": "websitenamekkkkkk",
            "id": "websitenamekkkkkk",
            "policy": "{\n  \"Version\": \"2012-10-17\",\n  \"Statement\": [\n    {\n      \"Sid\": \"\",\n      \"Effect\": \"Allow\",\n      \"Action\": \"s3:GetObject\",\n      \"Resource\": \"arn:aws:s3:::websitenamekkkkkk/*\",\n      \"Principal\": {\n        \"AWS\": \"*\"\n      }\n    }\n  ]\n}"
          },
          "sensitive_attributes": [],
          "private": "bnVsbA==",
          "dependencies": [
            "module.static_website.aws_s3_bucket.site",
            "module.static_website.data.aws_iam_policy_document.website_policy"
          ]
        }
      ]
    },
    {
      "module": "module.static_website",
      "mode": "managed",
      "type": "aws_s3_bucket_website_configuration",
      "name": "site",
      "provider": "provider[\"registry.terraform.io/hashicorp/aws\"]",
      "instances": [
        {
          "schema_version": 0,
          "attributes": {
            "bucket": "websitenamekkkkkk",
            "error_document": [],
            "expected_bucket_owner": "",
            "id": "websitenamekkkkkk",
            "index_document": [],
            "redirect_all_requests_to": [
              {
                "host_name": "websitenamekkkkkk",
                "protocol": ""
              }
            ],
            "routing_rule": [],
            "website_domain": "s3-website-ap-northeast-1.amazonaws.com",
            "website_endpoint": "websitenamekkkkkk.s3-website-ap-northeast-1.amazonaws.com"
          },
          "sensitive_attributes": [],
          "private": "bnVsbA==",
          "dependencies": [
            "module.static_website.aws_s3_bucket.site"
          ]
        }
      ]
    },
    {
      "module": "module.static_website",
      "mode": "managed",
      "type": "aws_s3_bucket_website_configuration",
      "name": "www",
      "provider": "provider[\"registry.terraform.io/hashicorp/aws\"]",
      "instances": [
        {
          "schema_version": 0,
          "attributes": {
            "bucket": "websitenamekkkkkk",
            "error_document": [],
            "expected_bucket_owner": "",
            "id": "websitenamekkkkkk",
            "index_document": [],
            "redirect_all_requests_to": [
              {
                "host_name": "websitenamekkkkkk",
                "protocol": ""
              }
            ],
            "routing_rule": [],
            "website_domain": "s3-website-ap-northeast-1.amazonaws.com",
            "website_endpoint": "websitenamekkkkkk.s3-website-ap-northeast-1.amazonaws.com"
          },
          "sensitive_attributes": [],
          "private": "bnVsbA==",
          "dependencies": [
            "module.static_website.aws_s3_bucket.site"
          ]
        }
      ]
    },
    {
      "module": "module.static_website",
      "mode": "managed",
      "type": "null_resource",
      "name": "upload_web_resouce",
      "provider": "provider[\"registry.terraform.io/hashicorp/null\"]",
      "instances": [
        {
          "schema_version": 0,
          "attributes": {
            "id": "6778835579795062795",
            "triggers": null
          },
          "sensitive_attributes": [],
          "private": "bnVsbA==",
          "dependencies": [
            "module.static_website.aws_s3_bucket.site"
          ]
        }
      ]
    }
  ]
}
